
Microsoft Visual Studio Solution File, Format Version 12.00
# Visual Studio 15
VisualStudioVersion = 15.0.28307.960
MinimumVisualStudioVersion = 10.0.40219.1
Project("{FAE04EC0-301F-11D3-BF4B-00C04F79EFBC}") = "TaskView", "TaskView\TaskView.csproj", "{F073B799-1006-40B5-9691-E86CBFBA98C2}"
EndProject
Project("{FAE04EC0-301F-11D3-BF4B-00C04F79EFBC}") = "TaskControl", "TaskControl\TaskControl.csproj", "{940F47EC-ED3B-4147-9AFC-BE6922D0BE94}"
EndProject
Project("{FAE04EC0-301F-11D3-BF4B-00C04F79EFBC}") = "CSVHost", "CSVHost\CSVHost.csproj", "{48237AD2-9B93-4743-8457-EB7BFB61B542}"
EndProject
Project("{FAE04EC0-301F-11D3-BF4B-00C04F79EFBC}") = "SSVHost", "SSVHost\SSVHost.csproj", "{1602C825-83EE-49D7-B2C5-5E5C4FF1A3F1}"
EndProject
Project("{FAE04EC0-301F-11D3-BF4B-00C04F79EFBC}") = "CMonAutoSetup", "CMonAutoSetup\CMonAutoSetup.csproj", "{D8BB16E6-B9A8-4FDC-A326-73AAFB894375}"
EndProject
Project("{FAE04EC0-301F-11D3-BF4B-00C04F79EFBC}") = "CSVAuto", "CSVAuto\CSVAuto.csproj", "{85F2F9D3-4898-40AF-8FD2-F434ACF1F961}"
EndProject
Project("{FAE04EC0-301F-11D3-BF4B-00C04F79EFBC}") = "SMonAutoSetup", "SMonAutoSetup\SMonAutoSetup.csproj", "{80A9EFAD-8E0C-41CA-B967-EB245389F936}"
EndProject
Project("{FAE04EC0-301F-11D3-BF4B-00C04F79EFBC}") = "SSVAuto", "SSVAuto\SSVAuto.csproj", "{F63498A5-E7A7-4DA3-9435-666A48795C6E}"
EndProject
Project("{FAE04EC0-301F-11D3-BF4B-00C04F79EFBC}") = "PatchServer", "PatchServer\PatchServer.csproj", "{547E9F8B-32B4-4091-850B-DDD3B47B8274}"
EndProject
Project("{FAE04EC0-301F-11D3-BF4B-00C04F79EFBC}") = "PatchService", "PatchService\PatchService.csproj", "{D55C5C2A-0C15-49EB-BFC4-2C952B9C7DBD}"
EndProject
Global
	GlobalSection(SolutionConfigurationPlatforms) = preSolution
		Debug|Any CPU = Debug|Any CPU
		Debug|x64 = Debug|x64
		Debug|x86 = Debug|x86
		Release|Any CPU = Release|Any CPU
		Release|x64 = Release|x64
		Release|x86 = Release|x86
	EndGlobalSection
	GlobalSection(ProjectConfigurationPlatforms) = postSolution
		{F073B799-1006-40B5-9691-E86CBFBA98C2}.Debug|Any CPU.ActiveCfg = Debug|Any CPU
		{F073B799-1006-40B5-9691-E86CBFBA98C2}.Debug|Any CPU.Build.0 = Debug|Any CPU
		{F073B799-1006-40B5-9691-E86CBFBA98C2}.Debug|x64.ActiveCfg = Debug|Any CPU
		{F073B799-1006-40B5-9691-E86CBFBA98C2}.Debug|x64.Build.0 = Debug|Any CPU
		{F073B799-1006-40B5-9691-E86CBFBA98C2}.Debug|x86.ActiveCfg = Debug|x86
		{F073B799-1006-40B5-9691-E86CBFBA98C2}.Debug|x86.Build.0 = Debug|x86
		{F073B799-1006-40B5-9691-E86CBFBA98C2}.Release|Any CPU.ActiveCfg = Release|Any CPU
		{F073B799-1006-40B5-9691-E86CBFBA98C2}.Release|Any CPU.Build.0 = Release|Any CPU
		{F073B799-1006-40B5-9691-E86CBFBA98C2}.Release|x64.ActiveCfg = Release|Any CPU
		{F073B799-1006-40B5-9691-E86CBFBA98C2}.Release|x64.Build.0 = Release|Any CPU
		{F073B799-1006-40B5-9691-E86CBFBA98C2}.Release|x86.ActiveCfg = Release|Any CPU
		{F073B799-1006-40B5-9691-E86CBFBA98C2}.Release|x86.Build.0 = Release|Any CPU
		{940F47EC-ED3B-4147-9AFC-BE6922D0BE94}.Debug|Any CPU.ActiveCfg = Debug|Any CPU
		{940F47EC-ED3B-4147-9AFC-BE6922D0BE94}.Debug|Any CPU.Build.0 = Debug|Any CPU
		{940F47EC-ED3B-4147-9AFC-BE6922D0BE94}.Debug|x64.ActiveCfg = Debug|x64
		{940F47EC-ED3B-4147-9AFC-BE6922D0BE94}.Debug|x64.Build.0 = Debug|x64
		{940F47EC-ED3B-4147-9AFC-BE6922D0BE94}.Debug|x86.ActiveCfg = Debug|x86
		{940F47EC-ED3B-4147-9AFC-BE6922D0BE94}.Debug|x86.Build.0 = Debug|x86
		{940F47EC-ED3B-4147-9AFC-BE6922D0BE94}.Release|Any CPU.ActiveCfg = Release|Any CPU
		{940F47EC-ED3B-4147-9AFC-BE6922D0BE94}.Release|Any CPU.Build.0 = Release|Any CPU
		{940F47EC-ED3B-4147-9AFC-BE6922D0BE94}.Release|x64.ActiveCfg = Release|Any CPU
		{940F47EC-ED3B-4147-9AFC-BE6922D0BE94}.Release|x64.Build.0 = Release|Any CPU
		{940F47EC-ED3B-4147-9AFC-BE6922D0BE94}.Release|x86.ActiveCfg = Release|Any CPU
		{940F47EC-ED3B-4147-9AFC-BE6922D0BE94}.Release|x86.Build.0 = Release|Any CPU
		{48237AD2-9B93-4743-8457-EB7BFB61B542}.Debug|Any CPU.ActiveCfg = Debug|Any CPU
		{48237AD2-9B93-4743-8457-EB7BFB61B542}.Debug|Any CPU.Build.0 = Debug|Any CPU
		{48237AD2-9B93-4743-8457-EB7BFB61B542}.Debug|x64.ActiveCfg = Debug|Any CPU
		{48237AD2-9B93-4743-8457-EB7BFB61B542}.Debug|x64.Build.0 = Debug|Any CPU
		{48237AD2-9B93-4743-8457-EB7BFB61B542}.Debug|x86.ActiveCfg = Debug|Any CPU
		{48237AD2-9B93-4743-8457-EB7BFB61B542}.Debug|x86.Build.0 = Debug|Any CPU
		{48237AD2-9B93-4743-8457-EB7BFB61B542}.Release|Any CPU.ActiveCfg = Release|Any CPU
		{48237AD2-9B93-4743-8457-EB7BFB61B542}.Release|Any CPU.Build.0 = Release|Any CPU
		{48237AD2-9B93-4743-8457-EB7BFB61B542}.Release|x64.ActiveCfg = Release|Any CPU
		{48237AD2-9B93-4743-8457-EB7BFB61B542}.Release|x64.Build.0 = Release|Any CPU
		{48237AD2-9B93-4743-8457-EB7BFB61B542}.Release|x86.ActiveCfg = Release|Any CPU
		{48237AD2-9B93-4743-8457-EB7BFB61B542}.Release|x86.Build.0 = Release|Any CPU
		{1602C825-83EE-49D7-B2C5-5E5C4FF1A3F1}.Debug|Any CPU.ActiveCfg = Debug|Any CPU
		{1602C825-83EE-49D7-B2C5-5E5C4FF1A3F1}.Debug|Any CPU.Build.0 = Debug|Any CPU
		{1602C825-83EE-49D7-B2C5-5E5C4FF1A3F1}.Debug|x64.ActiveCfg = Debug|Any CPU
		{1602C825-83EE-49D7-B2C5-5E5C4FF1A3F1}.Debug|x64.Build.0 = Debug|Any CPU
		{1602C825-83EE-49D7-B2C5-5E5C4FF1A3F1}.Debug|x86.ActiveCfg = Debug|Any CPU
		{1602C825-83EE-49D7-B2C5-5E5C4FF1A3F1}.Debug|x86.Build.0 = Debug|Any CPU
		{1602C825-83EE-49D7-B2C5-5E5C4FF1A3F1}.Release|Any CPU.ActiveCfg = Release|Any CPU
		{1602C825-83EE-49D7-B2C5-5E5C4FF1A3F1}.Release|Any CPU.Build.0 = Release|Any CPU
		{1602C825-83EE-49D7-B2C5-5E5C4FF1A3F1}.Release|x64.ActiveCfg = Release|Any CPU
		{1602C825-83EE-49D7-B2C5-5E5C4FF1A3F1}.Release|x64.Build.0 = Release|Any CPU
		{1602C825-83EE-49D7-B2C5-5E5C4FF1A3F1}.Release|x86.ActiveCfg = Release|Any CPU
		{1602C825-83EE-49D7-B2C5-5E5C4FF1A3F1}.Release|x86.Build.0 = Release|Any CPU
		{D8BB16E6-B9A8-4FDC-A326-73AAFB894375}.Debug|Any CPU.ActiveCfg = Debug|Any CPU
		{D8BB16E6-B9A8-4FDC-A326-73AAFB894375}.Debug|Any CPU.Build.0 = Debug|Any CPU
		{D8BB16E6-B9A8-4FDC-A326-73AAFB894375}.Debug|x64.ActiveCfg = Debug|Any CPU
		{D8BB16E6-B9A8-4FDC-A326-73AAFB894375}.Debug|x64.Build.0 = Debug|Any CPU
		{D8BB16E6-B9A8-4FDC-A326-73AAFB894375}.Debug|x86.ActiveCfg = Debug|Any CPU
		{D8BB16E6-B9A8-4FDC-A326-73AAFB894375}.Debug|x86.Build.0 = Debug|Any CPU
		{D8BB16E6-B9A8-4FDC-A326-73AAFB894375}.Release|Any CPU.ActiveCfg = Release|Any CPU
		{D8BB16E6-B9A8-4FDC-A326-73AAFB894375}.Release|Any CPU.Build.0 = Release|Any CPU
		{D8BB16E6-B9A8-4FDC-A326-73AAFB894375}.Release|x64.ActiveCfg = Release|Any CPU
		{D8BB16E6-B9A8-4FDC-A326-73AAFB894375}.Release|x64.Build.0 = Release|Any CPU
		{D8BB16E6-B9A8-4FDC-A326-73AAFB894375}.Release|x86.ActiveCfg = Release|Any CPU
		{D8BB16E6-B9A8-4FDC-A326-73AAFB894375}.Release|x86.Build.0 = Release|Any CPU
		{85F2F9D3-4898-40AF-8FD2-F434ACF1F961}.Debug|Any CPU.ActiveCfg = Debug|Any CPU
		{85F2F9D3-4898-40AF-8FD2-F434ACF1F961}.Debug|Any CPU.Build.0 = Debug|Any CPU
		{85F2F9D3-4898-40AF-8FD2-F434ACF1F961}.Debug|x64.ActiveCfg = Debug|Any CPU
		{85F2F9D3-4898-40AF-8FD2-F434ACF1F961}.Debug|x64.Build.0 = Debug|Any CPU
		{85F2F9D3-4898-40AF-8FD2-F434ACF1F961}.Debug|x86.ActiveCfg = Debug|Any CPU
		{85F2F9D3-4898-40AF-8FD2-F434ACF1F961}.Debug|x86.Build.0 = Debug|Any CPU
		{85F2F9D3-4898-40AF-8FD2-F434ACF1F961}.Release|Any CPU.ActiveCfg = Release|Any CPU
		{85F2F9D3-4898-40AF-8FD2-F434ACF1F961}.Release|Any CPU.Build.0 = Release|Any CPU
		{85F2F9D3-4898-40AF-8FD2-F434ACF1F961}.Release|x64.ActiveCfg = Release|Any CPU
		{85F2F9D3-4898-40AF-8FD2-F434ACF1F961}.Release|x64.Build.0 = Release|Any CPU
		{85F2F9D3-4898-40AF-8FD2-F434ACF1F961}.Release|x86.ActiveCfg = Release|Any CPU
		{85F2F9D3-4898-40AF-8FD2-F434ACF1F961}.Release|x86.Build.0 = Release|Any CPU
		{80A9EFAD-8E0C-41CA-B967-EB245389F936}.Debug|Any CPU.ActiveCfg = Debug|Any CPU
		{80A9EFAD-8E0C-41CA-B967-EB245389F936}.Debug|Any CPU.Build.0 = Debug|Any CPU
		{80A9EFAD-8E0C-41CA-B967-EB245389F936}.Debug|x64.ActiveCfg = Debug|Any CPU
		{80A9EFAD-8E0C-41CA-B967-EB245389F936}.Debug|x64.Build.0 = Debug|Any CPU
		{80A9EFAD-8E0C-41CA-B967-EB245389F936}.Debug|x86.ActiveCfg = Debug|Any CPU
		{80A9EFAD-8E0C-41CA-B967-EB245389F936}.Debug|x86.Build.0 = Debug|Any CPU
		{80A9EFAD-8E0C-41CA-B967-EB245389F936}.Release|Any CPU.ActiveCfg = Release|Any CPU
		{80A9EFAD-8E0C-41CA-B967-EB245389F936}.Release|Any CPU.Build.0 = Release|Any CPU
		{80A9EFAD-8E0C-41CA-B967-EB245389F936}.Release|x64.ActiveCfg = Release|Any CPU
		{80A9EFAD-8E0C-41CA-B967-EB245389F936}.Release|x64.Build.0 = Release|Any CPU
		{80A9EFAD-8E0C-41CA-B967-EB245389F936}.Release|x86.ActiveCfg = Release|Any CPU
		{80A9EFAD-8E0C-41CA-B967-EB245389F936}.Release|x86.Build.0 = Release|Any CPU
		{F63498A5-E7A7-4DA3-9435-666A48795C6E}.Debug|Any CPU.ActiveCfg = Debug|Any CPU
		{F63498A5-E7A7-4DA3-9435-666A48795C6E}.Debug|Any CPU.Build.0 = Debug|Any CPU
		{F63498A5-E7A7-4DA3-9435-666A48795C6E}.Debug|x64.ActiveCfg = Debug|Any CPU
		{F63498A5-E7A7-4DA3-9435-666A48795C6E}.Debug|x64.Build.0 = Debug|Any CPU
		{F63498A5-E7A7-4DA3-9435-666A48795C6E}.Debug|x86.ActiveCfg = Debug|Any CPU
		{F63498A5-E7A7-4DA3-9435-666A48795C6E}.Debug|x86.Build.0 = Debug|Any CPU
		{F63498A5-E7A7-4DA3-9435-666A48795C6E}.Release|Any CPU.ActiveCfg = Release|Any CPU
		{F63498A5-E7A7-4DA3-9435-666A48795C6E}.Release|Any CPU.Build.0 = Release|Any CPU
		{F63498A5-E7A7-4DA3-9435-666A48795C6E}.Release|x64.ActiveCfg = Release|Any CPU
		{F63498A5-E7A7-4DA3-9435-666A48795C6E}.Release|x64.Build.0 = Release|Any CPU
		{F63498A5-E7A7-4DA3-9435-666A48795C6E}.Release|x86.ActiveCfg = Release|Any CPU
		{F63498A5-E7A7-4DA3-9435-666A48795C6E}.Release|x86.Build.0 = Release|Any CPU
		{547E9F8B-32B4-4091-850B-DDD3B47B8274}.Debug|Any CPU.ActiveCfg = Debug|Any CPU
		{547E9F8B-32B4-4091-850B-DDD3B47B8274}.Debug|Any CPU.Build.0 = Debug|Any CPU
		{547E9F8B-32B4-4091-850B-DDD3B47B8274}.Debug|x64.ActiveCfg = Debug|Any CPU
		{547E9F8B-32B4-4091-850B-DDD3B47B8274}.Debug|x64.Build.0 = Debug|Any CPU
		{547E9F8B-32B4-4091-850B-DDD3B47B8274}.Debug|x86.ActiveCfg = Debug|Any CPU
		{547E9F8B-32B4-4091-850B-DDD3B47B8274}.Debug|x86.Build.0 = Debug|Any CPU
		{547E9F8B-32B4-4091-850B-DDD3B47B8274}.Release|Any CPU.ActiveCfg = Release|Any CPU
		{547E9F8B-32B4-4091-850B-DDD3B47B8274}.Release|Any CPU.Build.0 = Release|Any CPU
		{547E9F8B-32B4-4091-850B-DDD3B47B8274}.Release|x64.ActiveCfg = Release|Any CPU
		{547E9F8B-32B4-4091-850B-DDD3B47B8274}.Release|x64.Build.0 = Release|Any CPU
		{547E9F8B-32B4-4091-850B-DDD3B47B8274}.Release|x86.ActiveCfg = Release|Any CPU
		{547E9F8B-32B4-4091-850B-DDD3B47B8274}.Release|x86.Build.0 = Release|Any CPU
		{D55C5C2A-0C15-49EB-BFC4-2C952B9C7DBD}.Debug|Any CPU.ActiveCfg = Debug|Any CPU
		{D55C5C2A-0C15-49EB-BFC4-2C952B9C7DBD}.Debug|Any CPU.Build.0 = Debug|Any CPU
		{D55C5C2A-0C15-49EB-BFC4-2C952B9C7DBD}.Debug|x64.ActiveCfg = Debug|Any CPU
		{D55C5C2A-0C15-49EB-BFC4-2C952B9C7DBD}.Debug|x64.Build.0 = Debug|Any CPU
		{D55C5C2A-0C15-49EB-BFC4-2C952B9C7DBD}.Debug|x86.ActiveCfg = Debug|Any CPU
		{D55C5C2A-0C15-49EB-BFC4-2C952B9C7DBD}.Debug|x86.Build.0 = Debug|Any CPU
		{D55C5C2A-0C15-49EB-BFC4-2C952B9C7DBD}.Release|Any CPU.ActiveCfg = Release|Any CPU
		{D55C5C2A-0C15-49EB-BFC4-2C952B9C7DBD}.Release|Any CPU.Build.0 = Release|Any CPU
		{D55C5C2A-0C15-49EB-BFC4-2C952B9C7DBD}.Release|x64.ActiveCfg = Release|Any CPU
		{D55C5C2A-0C15-49EB-BFC4-2C952B9C7DBD}.Release|x64.Build.0 = Release|Any CPU
		{D55C5C2A-0C15-49EB-BFC4-2C952B9C7DBD}.Release|x86.ActiveCfg = Release|Any CPU
		{D55C5C2A-0C15-49EB-BFC4-2C952B9C7DBD}.Release|x86.Build.0 = Release|Any CPU
	EndGlobalSection
	GlobalSection(SolutionProperties) = preSolution
		HideSolutionNode = FALSE
	EndGlobalSection
	GlobalSection(ExtensibilityGlobals) = postSolution
		SolutionGuid = {BF868EFF-EE0D-42CE-8743-2AC0B607096D}
	EndGlobalSection
EndGlobal
